
Microsoft Visual Studio Solution File, Format Version 12.00
# Visual Studio Version 17
VisualStudioVersion = 17.2.32519.379
MinimumVisualStudioVersion = 10.0.40219.1
Project("{FAE04EC0-301F-11D3-BF4B-00C04F79EFBC}") = "1 лаба ( 2 прога)", "1 лаба ( 2 прога).csproj", "{9EE8A41F-91AB-411F-B3DD-1590D5FA12A2}"
EndProject
Global
	GlobalSection(SolutionConfigurationPlatforms) = preSolution
		Debug|Any CPU = Debug|Any CPU
		Release|Any CPU = Release|Any CPU
	EndGlobalSection
	GlobalSection(ProjectConfigurationPlatforms) = postSolution
		{9EE8A41F-91AB-411F-B3DD-1590D5FA12A2}.Debug|Any CPU.ActiveCfg = Debug|Any CPU
		{9EE8A41F-91AB-411F-B3DD-1590D5FA12A2}.Debug|Any CPU.Build.0 = Debug|Any CPU
		{9EE8A41F-91AB-411F-B3DD-1590D5FA12A2}.Release|Any CPU.ActiveCfg = Release|Any CPU
		{9EE8A41F-91AB-411F-B3DD-1590D5FA12A2}.Release|Any CPU.Build.0 = Release|Any CPU
	EndGlobalSection
	GlobalSection(SolutionProperties) = preSolution
		HideSolutionNode = FALSE
	EndGlobalSection
	GlobalSection(ExtensibilityGlobals) = postSolution
		SolutionGuid = {67433517-57C9-4DDF-91DC-17D5F01A9B10}
	EndGlobalSection
EndGlobal
